
Microsoft Visual Studio Solution File, Format Version 12.00
# Visual Studio Version 17
VisualStudioVersion = 17.0.31919.166
MinimumVisualStudioVersion = 10.0.40219.1
Project("{FAE04EC0-301F-11D3-BF4B-00C04F79EFBC}") = "aula2", "aula2\aula2.csproj", "{04D28F97-ABD9-484D-809B-32257CF1B860}"
EndProject
Global
	GlobalSection(SolutionConfigurationPlatforms) = preSolution
		Debug|Any CPU = Debug|Any CPU
		Release|Any CPU = Release|Any CPU
	EndGlobalSection
	GlobalSection(ProjectConfigurationPlatforms) = postSolution
		{04D28F97-ABD9-484D-809B-32257CF1B860}.Debug|Any CPU.ActiveCfg = Debug|Any CPU
		{04D28F97-ABD9-484D-809B-32257CF1B860}.Debug|Any CPU.Build.0 = Debug|Any CPU
		{04D28F97-ABD9-484D-809B-32257CF1B860}.Release|Any CPU.ActiveCfg = Release|Any CPU
		{04D28F97-ABD9-484D-809B-32257CF1B860}.Release|Any CPU.Build.0 = Release|Any CPU
	EndGlobalSection
	GlobalSection(SolutionProperties) = preSolution
		HideSolutionNode = FALSE
	EndGlobalSection
	GlobalSection(ExtensibilityGlobals) = postSolution
		SolutionGuid = {0854524D-46A1-41DF-8223-4CD19AC7D233}
	EndGlobalSection
EndGlobal
